
Microsoft Visual Studio Solution File, Format Version 10.00
# Visual Studio 2008
Project("{FAE04EC0-301F-11D3-BF4B-00C04F79EFBC}") = "DataObjects", "DataObjects\DataObjects.csproj", "{CE512501-691D-4B43-BC5F-D493C659CD3D}"
EndProject
Project("{FAE04EC0-301F-11D3-BF4B-00C04F79EFBC}") = "SampleWebSite", "SampleWebSite\SampleWebSite.csproj", "{5C2E1916-A5FE-4932-A017-CC52EE321F56}"
EndProject
Global
	GlobalSection(SolutionConfigurationPlatforms) = preSolution
		Debug|Any CPU = Debug|Any CPU
		Release|Any CPU = Release|Any CPU
	EndGlobalSection
	GlobalSection(ProjectConfigurationPlatforms) = postSolution
		{CE512501-691D-4B43-BC5F-D493C659CD3D}.Debug|Any CPU.ActiveCfg = Debug|Any CPU
		{CE512501-691D-4B43-BC5F-D493C659CD3D}.Debug|Any CPU.Build.0 = Debug|Any CPU
		{CE512501-691D-4B43-BC5F-D493C659CD3D}.Release|Any CPU.ActiveCfg = Release|Any CPU
		{CE512501-691D-4B43-BC5F-D493C659CD3D}.Release|Any CPU.Build.0 = Release|Any CPU
		{5C2E1916-A5FE-4932-A017-CC52EE321F56}.Debug|Any CPU.ActiveCfg = Debug|Any CPU
		{5C2E1916-A5FE-4932-A017-CC52EE321F56}.Debug|Any CPU.Build.0 = Debug|Any CPU
		{5C2E1916-A5FE-4932-A017-CC52EE321F56}.Release|Any CPU.ActiveCfg = Release|Any CPU
		{5C2E1916-A5FE-4932-A017-CC52EE321F56}.Release|Any CPU.Build.0 = Release|Any CPU
	EndGlobalSection
	GlobalSection(SolutionProperties) = preSolution
		HideSolutionNode = FALSE
	EndGlobalSection
EndGlobal
